
Microsoft Visual Studio Solution File, Format Version 12.00
# Visual Studio 2012
Project("{FAE04EC0-301F-11D3-BF4B-00C04F79EFBC}") = "RSEAppWrapper", "RSEAppWrapper\RSEAppWrapper.csproj", "{C3364284-5885-42E7-9E97-7A70F2727715}"
EndProject
Global
	GlobalSection(SolutionConfigurationPlatforms) = preSolution
		Debug|iPhoneSimulator = Debug|iPhoneSimulator
		Release|iPhoneSimulator = Release|iPhoneSimulator
		Debug|iPhone = Debug|iPhone
		Release|iPhone = Release|iPhone
		Ad-Hoc|iPhone = Ad-Hoc|iPhone
		AppStore|iPhone = AppStore|iPhone
	EndGlobalSection
	GlobalSection(ProjectConfigurationPlatforms) = postSolution
		{C3364284-5885-42E7-9E97-7A70F2727715}.Ad-Hoc|iPhone.ActiveCfg = Ad-Hoc|iPhone
		{C3364284-5885-42E7-9E97-7A70F2727715}.Ad-Hoc|iPhone.Build.0 = Ad-Hoc|iPhone
		{C3364284-5885-42E7-9E97-7A70F2727715}.AppStore|iPhone.ActiveCfg = AppStore|iPhone
		{C3364284-5885-42E7-9E97-7A70F2727715}.AppStore|iPhone.Build.0 = AppStore|iPhone
		{C3364284-5885-42E7-9E97-7A70F2727715}.Debug|iPhone.ActiveCfg = Debug|iPhone
		{C3364284-5885-42E7-9E97-7A70F2727715}.Debug|iPhone.Build.0 = Debug|iPhone
		{C3364284-5885-42E7-9E97-7A70F2727715}.Debug|iPhoneSimulator.ActiveCfg = Debug|iPhoneSimulator
		{C3364284-5885-42E7-9E97-7A70F2727715}.Debug|iPhoneSimulator.Build.0 = Debug|iPhoneSimulator
		{C3364284-5885-42E7-9E97-7A70F2727715}.Release|iPhone.ActiveCfg = Release|iPhone
		{C3364284-5885-42E7-9E97-7A70F2727715}.Release|iPhone.Build.0 = Release|iPhone
		{C3364284-5885-42E7-9E97-7A70F2727715}.Release|iPhoneSimulator.ActiveCfg = Release|iPhoneSimulator
		{C3364284-5885-42E7-9E97-7A70F2727715}.Release|iPhoneSimulator.Build.0 = Release|iPhoneSimulator
	EndGlobalSection
	GlobalSection(MonoDevelopProperties) = preSolution
		StartupItem = RSEAppWrapper\RSEAppWrapper.csproj
	EndGlobalSection
EndGlobal
